// !$*UTF8*$!
{
	archiveVersion = 1;
	classes = {
	};
	objectVersion = 50;
	objects = {

/* Begin PBXBuildFile section */
		2681BA542312E73C00FCE4CB /* AppDelegate.swift in Sources */ = {isa = PBXBuildFile; fileRef = 2681BA532312E73C00FCE4CB /* AppDelegate.swift */; };
		2681BA562312E73C00FCE4CB /* ViewController.swift in Sources */ = {isa = PBXBuildFile; fileRef = 2681BA552312E73C00FCE4CB /* ViewController.swift */; };
		2681BA592312E73C00FCE4CB /* Main.storyboard in Resources */ = {isa = PBXBuildFile; fileRef = 2681BA572312E73C00FCE4CB /* Main.storyboard */; };
		2681BA5B2312E73D00FCE4CB /* Assets.xcassets in Resources */ = {isa = PBXBuildFile; fileRef = 2681BA5A2312E73D00FCE4CB /* Assets.xcassets */; };
		2681BA5E2312E73D00FCE4CB /* LaunchScreen.storyboard in Resources */ = {isa = PBXBuildFile; fileRef = 2681BA5C2312E73D00FCE4CB /* LaunchScreen.storyboard */; };
		2681BA692312E73D00FCE4CB /* Hello_WorldTests.swift in Sources */ = {isa = PBXBuildFile; fileRef = 2681BA682312E73D00FCE4CB /* Hello_WorldTests.swift */; };
		2681BA742312E73D00FCE4CB /* Hello_WorldUITests.swift in Sources */ = {isa = PBXBuildFile; fileRef = 2681BA732312E73D00FCE4CB /* Hello_WorldUITests.swift */; };
/* End PBXBuildFile section */

/* Begin PBXContainerItemProxy section */
		2681BA652312E73D00FCE4CB /* PBXContainerItemProxy */ = {
			isa = PBXContainerItemProxy;
			containerPortal = 2681BA482312E73B00FCE4CB /* Project object */;
			proxyType = 1;
			remoteGlobalIDString = 2681BA4F2312E73B00FCE4CB;
			remoteInfo = "Hello World";
		};
		2681BA702312E73D00FCE4CB /* PBXContainerItemProxy */ = {
			isa = PBXContainerItemProxy;
			containerPortal = 2681BA482312E73B00FCE4CB /* Project object */;
			proxyType = 1;
			remoteGlobalIDString = 2681BA4F2312E73B00FCE4CB;
			remoteInfo = "Hello World";
		};
/* End PBXContainerItemProxy section */

/* Begin PBXFileReference section */
		2681BA502312E73B00FCE4CB /* Hello World.app */ = {isa = PBXFileReference; explicitFileType = wrapper.application; includeInIndex = 0; path = "Hello World.app"; sourceTree = BUILT_PRODUCTS_DIR; };
		2681BA532312E73C00FCE4CB /* AppDelegate.swift */ = {isa = PBXFileReference; lastKnownFileType = sourcecode.swift; path = AppDelegate.swift; sourceTree = "<group>"; };
		2681BA552312E73C00FCE4CB /* ViewController.swift */ = {isa = PBXFileReference; lastKnownFileType = sourcecode.swift; path = ViewController.swift; sourceTree = "<group>"; };
		2681BA582312E73C00FCE4CB /* Base */ = {isa = PBXFileReference; lastKnownFileType = file.storyboard; name = Base; path = Base.lproj/Main.storyboard; sourceTree = "<group>"; };
		2681BA5A2312E73D00FCE4CB /* Assets.xcassets */ = {isa = PBXFileReference; lastKnownFileType = folder.assetcatalog; path = Assets.xcassets; sourceTree = "<group>"; };
		2681BA5D2312E73D00FCE4CB /* Base */ = {isa = PBXFileReference; lastKnownFileType = file.storyboard; name = Base; path = Base.lproj/LaunchScreen.storyboard; sourceTree = "<group>"; };
		2681BA5F2312E73D00FCE4CB /* Info.plist */ = {isa = PBXFileReference; lastKnownFileType = text.plist.xml; path = Info.plist; sourceTree = "<group>"; };
		2681BA642312E73D00FCE4CB /* Hello WorldTests.xctest */ = {isa = PBXFileReference; explicitFileType = wrapper.cfbundle; includeInIndex = 0; path = "Hello WorldTests.xctest"; sourceTree = BUILT_PRODUCTS_DIR; };
		2681BA682312E73D00FCE4CB /* Hello_WorldTests.swift */ = {isa = PBXFileReference; lastKnownFileType = sourcecode.swift; path = Hello_WorldTests.swift; sourceTree = "<group>"; };
		2681BA6A2312E73D00FCE4CB /* Info.plist */ = {isa = PBXFileReference; lastKnownFileType = text.plist.xml; path = Info.plist; sourceTree = "<group>"; };
		2681BA6F2312E73D00FCE4CB /* Hello WorldUITests.xctest */ = {isa = PBXFileReference; explicitFileType = wrapper.cfbundle; includeInIndex = 0; path = "Hello WorldUITests.xctest"; sourceTree = BUILT_PRODUCTS_DIR; };
		2681BA732312E73D00FCE4CB /* Hello_WorldUITests.swift */ = {isa = PBXFileReference; lastKnownFileType = sourcecode.swift; path = Hello_WorldUITests.swift; sourceTree = "<group>"; };
		2681BA752312E73D00FCE4CB /* Info.plist */ = {isa = PBXFileReference; lastKnownFileType = text.plist.xml; path = Info.plist; sourceTree = "<group>"; };
/* End PBXFileReference section */

/* Begin PBXFrameworksBuildPhase section */
		2681BA4D2312E73B00FCE4CB /* Frameworks */ = {
			isa = PBXFrameworksBuildPhase;
			buildActionMask = 2147483647;
			files = (
			);
			runOnlyForDeploymentPostprocessing = 0;
		};
		2681BA612312E73D00FCE4CB /* Frameworks */ = {
			isa = PBXFrameworksBuildPhase;
			buildActionMask = 2147483647;
			files = (
			);
			runOnlyForDeploymentPostprocessing = 0;
		};
		2681BA6C2312E73D00FCE4CB /* Frameworks */ = {
			isa = PBXFrameworksBuildPhase;
			buildActionMask = 2147483647;
			files = (
			);
			runOnlyForDeploymentPostprocessing = 0;
		};
/* End PBXFrameworksBuildPhase section */

/* Begin PBXGroup section */
		2681BA472312E73B00FCE4CB = {
			isa = PBXGroup;
			children = (
				2681BA522312E73B00FCE4CB /* Hello World */,
				2681BA672312E73D00FCE4CB /* Hello WorldTests */,
				2681BA722312E73D00FCE4CB /* Hello WorldUITests */,
				2681BA512312E73B00FCE4CB /* Products */,
			);
			sourceTree = "<group>";
		};
		2681BA512312E73B00FCE4CB /* Products */ = {
			isa = PBXGroup;
			children = (
				2681BA502312E73B00FCE4CB /* Hello World.app */,
				2681BA642312E73D00FCE4CB /* Hello WorldTests.xctest */,
				2681BA6F2312E73D00FCE4CB /* Hello WorldUITests.xctest */,
			);
			name = Products;
			sourceTree = "<group>";
		};
		2681BA522312E73B00FCE4CB /* Hello World */ = {
			isa = PBXGroup;
			children = (
				2681BA532312E73C00FCE4CB /* AppDelegate.swift */,
				2681BA552312E73C00FCE4CB /* ViewController.swift */,
				2681BA572312E73C00FCE4CB /* Main.storyboard */,
				2681BA5A2312E73D00FCE4CB /* Assets.xcassets */,
				2681BA5C2312E73D00FCE4CB /* LaunchScreen.storyboard */,
				2681BA5F2312E73D00FCE4CB /* Info.plist */,
			);
			path = "Hello World";
			sourceTree = "<group>";
		};
		2681BA672312E73D00FCE4CB /* Hello WorldTests */ = {
			isa = PBXGroup;
			children = (
				2681BA682312E73D00FCE4CB /* Hello_WorldTests.swift */,
				2681BA6A2312E73D00FCE4CB /* Info.plist */,
			);
			path = "Hello WorldTests";
			sourceTree = "<group>";
		};
		2681BA722312E73D00FCE4CB /* Hello WorldUITests */ = {
			isa = PBXGroup;
			children = (
				2681BA732312E73D00FCE4CB /* Hello_WorldUITests.swift */,
				2681BA752312E73D00FCE4CB /* Info.plist */,
			);
			path = "Hello WorldUITests";
			sourceTree = "<group>";
		};
/* End PBXGroup section */

/* Begin PBXNativeTarget section */
		2681BA4F2312E73B00FCE4CB /* Hello World */ = {
			isa = PBXNativeTarget;
			buildConfigurationList = 2681BA782312E73D00FCE4CB /* Build configuration list for PBXNativeTarget "Hello World" */;
			buildPhases = (
				2681BA4C2312E73B00FCE4CB /* Sources */,
				2681BA4D2312E73B00FCE4CB /* Frameworks */,
				2681BA4E2312E73B00FCE4CB /* Resources */,
			);
			buildRules = (
			);
			dependencies = (
			);
			name = "Hello World";
			productName = "Hello World";
			productReference = 2681BA502312E73B00FCE4CB /* Hello World.app */;
			productType = "com.apple.product-type.application";
		};
		2681BA632312E73D00FCE4CB /* Hello WorldTests */ = {
			isa = PBXNativeTarget;
			buildConfigurationList = 2681BA7B2312E73D00FCE4CB /* Build configuration list for PBXNativeTarget "Hello WorldTests" */;
			buildPhases = (
				2681BA602312E73D00FCE4CB /* Sources */,
				2681BA612312E73D00FCE4CB /* Frameworks */,
				2681BA622312E73D00FCE4CB /* Resources */,
			);
			buildRules = (
			);
			dependencies = (
				2681BA662312E73D00FCE4CB /* PBXTargetDependency */,
			);
			name = "Hello WorldTests";
			productName = "Hello WorldTests";
			productReference = 2681BA642312E73D00FCE4CB /* Hello WorldTests.xctest */;
			productType = "com.apple.product-type.bundle.unit-test";
		};
		2681BA6E2312E73D00FCE4CB /* Hello WorldUITests */ = {
			isa = PBXNativeTarget;
			buildConfigurationList = 2681BA7E2312E73D00FCE4CB /* Build configuration list for PBXNativeTarget "Hello WorldUITests" */;
			buildPhases = (
				2681BA6B2312E73D00FCE4CB /* Sources */,
				2681BA6C2312E73D00FCE4CB /* Frameworks */,
				2681BA6D2312E73D00FCE4CB /* Resources */,
			);
			buildRules = (
			);
			dependencies = (
				2681BA712312E73D00FCE4CB /* PBXTargetDependency */,
			);
			name = "Hello WorldUITests";
			productName = "Hello WorldUITests";
			productReference = 2681BA6F2312E73D00FCE4CB /* Hello WorldUITests.xctest */;
			productType = "com.apple.product-type.bundle.ui-testing";
		};
/* End PBXNativeTarget section */

/* Begin PBXProject section */
		2681BA482312E73B00FCE4CB /* Project object */ = {
			isa = PBXProject;
			attributes = {
				LastSwiftUpdateCheck = 1030;
				LastUpgradeCheck = 1030;
				TargetAttributes = {
					2681BA4F2312E73B00FCE4CB = {
						CreatedOnToolsVersion = 10.3;
					};
					2681BA632312E73D00FCE4CB = {
						CreatedOnToolsVersion = 10.3;
						TestTargetID = 2681BA4F2312E73B00FCE4CB;
					};
					2681BA6E2312E73D00FCE4CB = {
						CreatedOnToolsVersion = 10.3;
						TestTargetID = 2681BA4F2312E73B00FCE4CB;
					};
				};
			};
			buildConfigurationList = 2681BA4B2312E73B00FCE4CB /* Build configuration list for PBXProject "Hello World" */;
			compatibilityVersion = "Xcode 9.3";
			developmentRegion = en;
			hasScannedForEncodings = 0;
			knownRegions = (
				en,
				Base,
			);
			mainGroup = 2681BA472312E73B00FCE4CB;
			productRefGroup = 2681BA512312E73B00FCE4CB /* Products */;
			projectDirPath = "";
			projectRoot = "";
			targets = (
				2681BA4F2312E73B00FCE4CB /* Hello World */,
				2681BA632312E73D00FCE4CB /* Hello WorldTests */,
				2681BA6E2312E73D00FCE4CB /* Hello WorldUITests */,
			);
		};
/* End PBXProject section */

/* Begin PBXResourcesBuildPhase section */
		2681BA4E2312E73B00FCE4CB /* Resources */ = {
			isa = PBXResourcesBuildPhase;
			buildActionMask = 2147483647;
			files = (
				2681BA5E2312E73D00FCE4CB /* LaunchScreen.storyboard in Resources */,
				2681BA5B2312E73D00FCE4CB /* Assets.xcassets in Resources */,
				2681BA592312E73C00FCE4CB /* Main.storyboard in Resources */,
			);
			runOnlyForDeploymentPostprocessing = 0;
		};
		2681BA622312E73D00FCE4CB /* Resources */ = {
			isa = PBXResourcesBuildPhase;
			buildActionMask = 2147483647;
			files = (
			);
			runOnlyForDeploymentPostprocessing = 0;
		};
		2681BA6D2312E73D00FCE4CB /* Resources */ = {
			isa = PBXResourcesBuildPhase;
			buildActionMask = 2147483647;
			files = (
			);
			runOnlyForDeploymentPostprocessing = 0;
		};
/* End PBXResourcesBuildPhase section */

/* Begin PBXSourcesBuildPhase section */
		2681BA4C2312E73B00FCE4CB /* Sources */ = {
			isa = PBXSourcesBuildPhase;
			buildActionMask = 2147483647;
			files = (
				2681BA562312E73C00FCE4CB /* ViewController.swift in Sources */,
				2681BA542312E73C00FCE4CB /* AppDelegate.swift in Sources */,
			);
			runOnlyForDeploymentPostprocessing = 0;
		};
		2681BA602312E73D00FCE4CB /* Sources */ = {
			isa = PBXSourcesBuildPhase;
			buildActionMask = 2147483647;
			files = (
				2681BA692312E73D00FCE4CB /* Hello_WorldTests.swift in Sources */,
			);
			runOnlyForDeploymentPostprocessing = 0;
		};
		2681BA6B2312E73D00FCE4CB /* Sources */ = {
			isa = PBXSourcesBuildPhase;
			buildActionMask = 2147483647;
			files = (
				2681BA742312E73D00FCE4CB /* Hello_WorldUITests.swift in Sources */,
			);
			runOnlyForDeploymentPostprocessing = 0;
		};
/* End PBXSourcesBuildPhase section */

/* Begin PBXTargetDependency section */
		2681BA662312E73D00FCE4CB /* PBXTargetDependency */ = {
			isa = PBXTargetDependency;
			target = 2681BA4F2312E73B00FCE4CB /* Hello World */;
			targetProxy = 2681BA652312E73D00FCE4CB /* PBXContainerItemProxy */;
		};
		2681BA712312E73D00FCE4CB /* PBXTargetDependency */ = {
			isa = PBXTargetDependency;
			target = 2681BA4F2312E73B00FCE4CB /* Hello World */;
			targetProxy = 2681BA702312E73D00FCE4CB /* PBXContainerItemProxy */;
		};
/* End PBXTargetDependency section */

/* Begin PBXVariantGroup section */
		2681BA572312E73C00FCE4CB /* Main.storyboard */ = {
			isa = PBXVariantGroup;
			children = (
				2681BA582312E73C00FCE4CB /* Base */,
			);
			name = Main.storyboard;
			sourceTree = "<group>";
		};
		2681BA5C2312E73D00FCE4CB /* LaunchScreen.storyboard */ = {
			isa = PBXVariantGroup;
			children = (
				2681BA5D2312E73D00FCE4CB /* Base */,
			);
			name = LaunchScreen.storyboard;
			sourceTree = "<group>";
		};
/* End PBXVariantGroup section */

/* Begin XCBuildConfiguration section */
		2681BA762312E73D00FCE4CB /* Debug */ = {
			isa = XCBuildConfiguration;
			buildSettings = {
				ALWAYS_SEARCH_USER_PATHS = NO;
				CLANG_ANALYZER_NONNULL = YES;
				CLANG_ANALYZER_NUMBER_OBJECT_CONVERSION = YES_AGGRESSIVE;
				CLANG_CXX_LANGUAGE_STANDARD = "gnu++14";
				CLANG_CXX_LIBRARY = "libc++";
				CLANG_ENABLE_MODULES = YES;
				CLANG_ENABLE_OBJC_ARC = YES;
				CLANG_ENABLE_OBJC_WEAK = YES;
				CLANG_WARN_BLOCK_CAPTURE_AUTORELEASING = YES;
				CLANG_WARN_BOOL_CONVERSION = YES;
				CLANG_WARN_COMMA = YES;
				CLANG_WARN_CONSTANT_CONVERSION = YES;
				CLANG_WARN_DEPRECATED_OBJC_IMPLEMENTATIONS = YES;
				CLANG_WARN_DIRECT_OBJC_ISA_USAGE = YES_ERROR;
				CLANG_WARN_DOCUMENTATION_COMMENTS = YES;
				CLANG_WARN_EMPTY_BODY = YES;
				CLANG_WARN_ENUM_CONVERSION = YES;
				CLANG_WARN_INFINITE_RECURSION = YES;
				CLANG_WARN_INT_CONVERSION = YES;
				CLANG_WARN_NON_LITERAL_NULL_CONVERSION = YES;
				CLANG_WARN_OBJC_IMPLICIT_RETAIN_SELF = YES;
				CLANG_WARN_OBJC_LITERAL_CONVERSION = YES;
				CLANG_WARN_OBJC_ROOT_CLASS = YES_ERROR;
				CLANG_WARN_RANGE_LOOP_ANALYSIS = YES;
				CLANG_WARN_STRICT_PROTOTYPES = YES;
				CLANG_WARN_SUSPICIOUS_MOVE = YES;
				CLANG_WARN_UNGUARDED_AVAILABILITY = YES_AGGRESSIVE;
				CLANG_WARN_UNREACHABLE_CODE = YES;
				CLANG_WARN__DUPLICATE_METHOD_MATCH = YES;
				CODE_SIGN_IDENTITY = "iPhone Developer";
				COPY_PHASE_STRIP = NO;
				DEBUG_INFORMATION_FORMAT = dwarf;
				ENABLE_STRICT_OBJC_MSGSEND = YES;
				ENABLE_TESTABILITY = YES;
				GCC_C_LANGUAGE_STANDARD = gnu11;
				GCC_DYNAMIC_NO_PIC = NO;
				GCC_NO_COMMON_BLOCKS = YES;
				GCC_OPTIMIZATION_LEVEL = 0;
				GCC_PREPROCESSOR_DEFINITIONS = (
					"DEBUG=1",
					"$(inherited)",
				);
				GCC_WARN_64_TO_32_BIT_CONVERSION = YES;
				GCC_WARN_ABOUT_RETURN_TYPE = YES_ERROR;
				GCC_WARN_UNDECLARED_SELECTOR = YES;
				GCC_WARN_UNINITIALIZED_AUTOS = YES_AGGRESSIVE;
				GCC_WARN_UNUSED_FUNCTION = YES;
				GCC_WARN_UNUSED_VARIABLE = YES;
				IPHONEOS_DEPLOYMENT_TARGET = 12.4;
				MTL_ENABLE_DEBUG_INFO = INCLUDE_SOURCE;
				MTL_FAST_MATH = YES;
				ONLY_ACTIVE_ARCH = YES;
				SDKROOT = iphoneos;
				SWIFT_ACTIVE_COMPILATION_CONDITIONS = DEBUG;
				SWIFT_OPTIMIZATION_LEVEL = "-Onone";
			};
			name = Debug;
		};
		2681BA772312E73D00FCE4CB /* Release */ = {
			isa = XCBuildConfiguration;
			buildSettings = {
				ALWAYS_SEARCH_USER_PATHS = NO;
				CLANG_ANALYZER_NONNULL = YES;
				CLANG_ANALYZER_NUMBER_OBJECT_CONVERSION = YES_AGGRESSIVE;
				CLANG_CXX_LANGUAGE_STANDARD = "gnu++14";
				CLANG_CXX_LIBRARY = "libc++";
				CLANG_ENABLE_MODULES = YES;
				CLANG_ENABLE_OBJC_ARC = YES;
				CLANG_ENABLE_OBJC_WEAK = YES;
				CLANG_WARN_BLOCK_CAPTURE_AUTORELEASING = YES;
				CLANG_WARN_BOOL_CONVERSION = YES;
				CLANG_WARN_COMMA = YES;
				CLANG_WARN_CONSTANT_CONVERSION = YES;
				CLANG_WARN_DEPRECATED_OBJC_IMPLEMENTATIONS = YES;
				CLANG_WARN_DIRECT_OBJC_ISA_USAGE = YES_ERROR;
				CLANG_WARN_DOCUMENTATION_COMMENTS = YES;
				CLANG_WARN_EMPTY_BODY = YES;
				CLANG_WARN_ENUM_CONVERSION = YES;
				CLANG_WARN_INFINITE_RECURSION = YES;
				CLANG_WARN_INT_CONVERSION = YES;
				CLANG_WARN_NON_LITERAL_NULL_CONVERSION = YES;
				CLANG_WARN_OBJC_IMPLICIT_RETAIN_SELF = YES;
				CLANG_WARN_OBJC_LITERAL_CONVERSION = YES;
				CLANG_WARN_OBJC_ROOT_CLASS = YES_ERROR;
				CLANG_WARN_RANGE_LOOP_ANALYSIS = YES;
				CLANG_WARN_STRICT_PROTOTYPES = YES;
				CLANG_WARN_SUSPICIOUS_MOVE = YES;
				CLANG_WARN_UNGUARDED_AVAILABILITY = YES_AGGRESSIVE;
				CLANG_WARN_UNREACHABLE_CODE = YES;
				CLANG_WARN__DUPLICATE_METHOD_MATCH = YES;
				CODE_SIGN_IDENTITY = "iPhone Developer";
				COPY_PHASE_STRIP = NO;
				DEBUG_INFORMATION_FORMAT = "dwarf-with-dsym";
				ENABLE_NS_ASSERTIONS = NO;
				ENABLE_STRICT_OBJC_MSGSEND = YES;
				GCC_C_LANGUAGE_STANDARD = gnu11;
				GCC_NO_COMMON_BLOCKS = YES;
				GCC_WARN_64_TO_32_BIT_CONVERSION = YES;
				GCC_WARN_ABOUT_RETURN_TYPE = YES_ERROR;
				GCC_WARN_UNDECLARED_SELECTOR = YES;
				GCC_WARN_UNINITIALIZED_AUTOS = YES_AGGRESSIVE;
				GCC_WARN_UNUSED_FUNCTION = YES;
				GCC_WARN_UNUSED_VARIABLE = YES;
				IPHONEOS_DEPLOYMENT_TARGET = 12.4;
				MTL_ENABLE_DEBUG_INFO = NO;
				MTL_FAST_MATH = YES;
				SDKROOT = iphoneos;
				SWIFT_COMPILATION_MODE = wholemodule;
				SWIFT_OPTIMIZATION_LEVEL = "-O";
				VALIDATE_PRODUCT = YES;
			};
			name = Release;
		};
		2681BA792312E73D00FCE4CB /* Debug */ = {
			isa = XCBuildConfiguration;
			buildSettings = {
				ASSETCATALOG_COMPILER_APPICON_NAME = AppIcon;
				CODE_SIGN_IDENTITY = "iPhone Developer";
				CODE_SIGN_STYLE = Automatic;
				DEVELOPMENT_TEAM = "";
				INFOPLIST_FILE = "Hello World/Info.plist";
				LD_RUNPATH_SEARCH_PATHS = (
					"$(inherited)",
					"@executable_path/Frameworks",
				);
				PRODUCT_BUNDLE_IDENTIFIER = "INFOTECH4405.Hello-World";
				PRODUCT_NAME = "$(TARGET_NAME)";
				PROVISIONING_PROFILE_SPECIFIER = "";
				SWIFT_VERSION = 5.0;
				TARGETED_DEVICE_FAMILY = "1,2";
			};
			name = Debug;
		};
		2681BA7A2312E73D00FCE4CB /* Release */ = {
			isa = XCBuildConfiguration;
			buildSettings = {
				ASSETCATALOG_COMPILER_APPICON_NAME = AppIcon;
				CODE_SIGN_IDENTITY = "iPhone Developer";
				CODE_SIGN_STYLE = Automatic;
				DEVELOPMENT_TEAM = "";
				INFOPLIST_FILE = "Hello World/Info.plist";
				LD_RUNPATH_SEARCH_PATHS = (
					"$(inherited)",
					"@executable_path/Frameworks",
				);
				PRODUCT_BUNDLE_IDENTIFIER = "INFOTECH4405.Hello-World";
				PRODUCT_NAME = "$(TARGET_NAME)";
				PROVISIONING_PROFILE_SPECIFIER = "";
				SWIFT_VERSION = 5.0;
				TARGETED_DEVICE_FAMILY = "1,2";
			};
			name = Release;
		};
		2681BA7C2312E73D00FCE4CB /* Debug */ = {
			isa = XCBuildConfiguration;
			buildSettings = {
				ALWAYS_EMBED_SWIFT_STANDARD_LIBRARIES = YES;
				BUNDLE_LOADER = "$(TEST_HOST)";
				CODE_SIGN_STYLE = Automatic;
				DEVELOPMENT_TEAM = 46H4AAS93G;
				INFOPLIST_FILE = "Hello WorldTests/Info.plist";
				LD_RUNPATH_SEARCH_PATHS = (
					"$(inherited)",
					"@executable_path/Frameworks",
					"@loader_path/Frameworks",
				);
				PRODUCT_BUNDLE_IDENTIFIER = "INFOTECH4405.Hello-WorldTests";
				PRODUCT_NAME = "$(TARGET_NAME)";
				SWIFT_VERSION = 5.0;
				TARGETED_DEVICE_FAMILY = "1,2";
				TEST_HOST = "$(BUILT_PRODUCTS_DIR)/Hello World.app/Hello World";
			};
			name = Debug;
		};
		2681BA7D2312E73D00FCE4CB /* Release */ = {
			isa = XCBuildConfiguration;
			buildSettings = {
				ALWAYS_EMBED_SWIFT_STANDARD_LIBRARIES = YES;
				BUNDLE_LOADER = "$(TEST_HOST)";
				CODE_SIGN_STYLE = Automatic;
				DEVELOPMENT_TEAM = 46H4AAS93G;
				INFOPLIST_FILE = "Hello WorldTests/Info.plist";
				LD_RUNPATH_SEARCH_PATHS = (
					"$(inherited)",
					"@executable_path/Frameworks",
					"@loader_path/Frameworks",
				);
				PRODUCT_BUNDLE_IDENTIFIER = "INFOTECH4405.Hello-WorldTests";
				PRODUCT_NAME = "$(TARGET_NAME)";
				SWIFT_VERSION = 5.0;
				TARGETED_DEVICE_FAMILY = "1,2";
				TEST_HOST = "$(BUILT_PRODUCTS_DIR)/Hello World.app/Hello World";
			};
			name = Release;
		};
		2681BA7F2312E73D00FCE4CB /* Debug */ = {
			isa = XCBuildConfiguration;
			buildSettings = {
				ALWAYS_EMBED_SWIFT_STANDARD_LIBRARIES = YES;
				CODE_SIGN_STYLE = Automatic;
				DEVELOPMENT_TEAM = 46H4AAS93G;
				INFOPLIST_FILE = "Hello WorldUITests/Info.plist";
				LD_RUNPATH_SEARCH_PATHS = (
					"$(inherited)",
					"@executable_path/Frameworks",
					"@loader_path/Frameworks",
				);
				PRODUCT_BUNDLE_IDENTIFIER = "INFOTECH4405.Hello-WorldUITests";
				PRODUCT_NAME = "$(TARGET_NAME)";
				SWIFT_VERSION = 5.0;
				TARGETED_DEVICE_FAMILY = "1,2";
				TEST_TARGET_NAME = "Hello World";
			};
			name = Debug;
		};
		2681BA802312E73D00FCE4CB /* Release */ = {
			isa = XCBuildConfiguration;
			buildSettings = {
				ALWAYS_EMBED_SWIFT_STANDARD_LIBRARIES = YES;
				CODE_SIGN_STYLE = Automatic;
				DEVELOPMENT_TEAM = 46H4AAS93G;
				INFOPLIST_FILE = "Hello WorldUITests/Info.plist";
				LD_RUNPATH_SEARCH_PATHS = (
					"$(inherited)",
					"@executable_path/Frameworks",
					"@loader_path/Frameworks",
				);
				PRODUCT_BUNDLE_IDENTIFIER = "INFOTECH4405.Hello-WorldUITests";
				PRODUCT_NAME = "$(TARGET_NAME)";
				SWIFT_VERSION = 5.0;
				TARGETED_DEVICE_FAMILY = "1,2";
				TEST_TARGET_NAME = "Hello World";
			};
			name = Release;
		};
/* End XCBuildConfiguration section */

/* Begin XCConfigurationList section */
		2681BA4B2312E73B00FCE4CB /* Build configuration list for PBXProject "Hello World" */ = {
			isa = XCConfigurationList;
			buildConfigurations = (
				2681BA762312E73D00FCE4CB /* Debug */,
				2681BA772312E73D00FCE4CB /* Release */,
			);
			defaultConfigurationIsVisible = 0;
			defaultConfigurationName = Release;
		};
		2681BA782312E73D00FCE4CB /* Build configuration list for PBXNativeTarget "Hello World" */ = {
			isa = XCConfigurationList;
			buildConfigurations = (
				2681BA792312E73D00FCE4CB /* Debug */,
				2681BA7A2312E73D00FCE4CB /* Release */,
			);
			defaultConfigurationIsVisible = 0;
			defaultConfigurationName = Release;
		};
		2681BA7B2312E73D00FCE4CB /* Build configuration list for PBXNativeTarget "Hello WorldTests" */ = {
			isa = XCConfigurationList;
			buildConfigurations = (
				2681BA7C2312E73D00FCE4CB /* Debug */,
				2681BA7D2312E73D00FCE4CB /* Release */,
			);
			defaultConfigurationIsVisible = 0;
			defaultConfigurationName = Release;
		};
		2681BA7E2312E73D00FCE4CB /* Build configuration list for PBXNativeTarget "Hello WorldUITests" */ = {
			isa = XCConfigurationList;
			buildConfigurations = (
				2681BA7F2312E73D00FCE4CB /* Debug */,
				2681BA802312E73D00FCE4CB /* Release */,
			);
			defaultConfigurationIsVisible = 0;
			defaultConfigurationName = Release;
		};
/* End XCConfigurationList section */
	};
	rootObject = 2681BA482312E73B00FCE4CB /* Project object */;
}
